version = 1
revision = 3
requires-python = "==3.11.15"

[manifest]
overrides = [
    { name = "jax", specifier = "==0.4.28" },
    { name = "jaxlib", specifier = "==0.4.28" },
]

[[package]]
name = "diffrax"
version = "0.6.0"
source = { registry = "https://pypi.org/simple" }
dependencies = [
    { name = "equinox" },
    { name = "jax" },
    { name = "jaxtyping" },
    { name = "lineax" },
    { name = "optimistix" },
    { name = "typeguard" },
    { name = "typing-extensions" },
]
sdist = { url = "https://files.pythonhosted.org/packages/b5/e4/398bb4bc2a547017e4b97c64a5376b171a361469425c420b04353e5daa4e/diffrax-0.6.0.tar.gz", hash = "sha256:937207070bd7fdfe99178e23ec1787a630df7e3969b381e072ca6a14f5e2f3d3", size = 132416, upload-time = "2024-07-01T09:16:43.967Z" }
wheels = [
    { url = "https://files.pythonhosted.org/packages/97/cc/2132120d964b94cfd68f0eca83b88f8098078ef073097daad0d813c2414d/diffrax-0.6.0-py3-none-any.whl", hash = "sha256:7a59a796fd91e9c1cb20c37696c9f758681a3f24e72ff354a5a6aa335d3cde3a", size = 171328, upload-time = "2024-07-01T09:16:41.81Z" },
]

[[package]]
name = "equinox"
version = "0.11.10"
source = { registry = "https://pypi.org/simple" }
dependencies = [
    { name = "jax" },
    { name = "jaxtyping" },
    { name = "typing-extensions" },
]
sdist = { url = "https://files.pythonhosted.org/packages/c8/5d/62425721b7062c484112cac064a1ecae99b642c04979c75f36d3443bf157/equinox-0.11.10.tar.gz", hash = "sha256:f3e7d5545b71e427859a28050526d09adb6b20285c47476a606328a0b96c9509", size = 140418, upload-time = "2024-12-08T02:44:40.04Z" }
wheels = [
    { url = "https://files.pythonhosted.org/packages/3a/af/411e94c165229882eb2d0a329114826aa52c7c61ef3108d0d3d8ad7189ed/equinox-0.11.10-py3-none-any.whl", hash = "sha256:ee6809e31664b92487b247f811fca48a2107f7ec958084b2294af2ee8a750e3b", size = 178939, upload-time = "2024-12-08T02:44:38.079Z" },
]

[[package]]
name = "jax"
version = "0.4.28"
source = { registry = "https://pypi.org/simple" }
dependencies = [
    { name = "ml-dtypes" },
    { name = "numpy" },
    { name = "opt-einsum" },
    { name = "scipy" },
]
sdist = { url = "https://files.pythonhosted.org/packages/c7/ed/e82e0adca9548527912397b99bcfda815f97a22165f883fc13bff59e8d5d/jax-0.4.28.tar.gz", hash = "sha256:dcf0a44aff2e1713f0a2b369281cd5b79d8c18fc1018905c4125897cb06b37e9", size = 1655248, upload-time = "2024-05-09T23:23:13.075Z" }
wheels = [
    { url = "https://files.pythonhosted.org/packages/20/11/6667e8a2146d62b7e585c389cc39cede4993f7380101cae052e8dce546c2/jax-0.4.28-py3-none-any.whl", hash = "sha256:6a181e6b5a5b1140e19cdd2d5c4aa779e4cb4ec627757b918be322d8e81035ba", size = 1940719, upload-time = "2024-05-09T23:23:10.209Z" },
]

[[package]]
name = "jaxlib"
version = "0.4.28"
source = { registry = "https://pypi.org/simple" }
dependencies = [
    { name = "ml-dtypes" },
    { name = "numpy" },
    { name = "scipy" },
]
wheels = [
    { url = "https://files.pythonhosted.org/packages/e0/b2/896d8d1f35e16e9f88ae6a753012e6d5a6882507ea58e7f0dd5af68ee1e8/jaxlib-0.4.28-cp311-cp311-macosx_10_14_x86_64.whl", hash = "sha256:2ff8290edc7b92c7eae52517f65492633e267b2e9067bad3e4c323d213e77cf5", size = 80884296, upload-time = "2024-05-09T23:23:53.393Z" },
    { url = "https://files.pythonhosted.org/packages/75/f3/1ce8b092ca68dfcfa6a0ee0a8a410f6d877e1628c05799c5d03757682c66/jaxlib-0.4.28-cp311-cp311-macosx_11_0_arm64.whl", hash = "sha256:793857faf37f371cafe752fea5fc811f435e43b8fb4b502058444a7f5eccf829", size = 64095743, upload-time = "2024-05-09T23:23:58.786Z" },
    { url = "https://files.pythonhosted.org/packages/f2/87/0c07ec3ba047ca58c940d1c3050cd08c4390bca992cdfeeb2d9d356cd2c6/jaxlib-0.4.28-cp311-cp311-manylinux2014_aarch64.whl", hash = "sha256:b41a6b0d506c09f86a18ecc05bd376f072b548af89c333107e49bb0c09c1a3f8", size = 65637370, upload-time = "2024-05-09T23:24:04.173Z" },
    { url = "https://files.pythonhosted.org/packages/8e/d7/65b1f5cf05d9159abd5882a51695d4d1b386bc8e26140eff7159854777f2/jaxlib-0.4.28-cp311-cp311-manylinux2014_x86_64.whl", hash = "sha256:45ce0f3c840cff8236cff26c37f26c9ff078695f93e0c162c320c281f5041275", size = 77529723, upload-time = "2024-05-09T23:24:09.841Z" },
    { url = "https://files.pythonhosted.org/packages/62/69/91e52043e4dccd200cf2468682e5495fde5d7377470e644ffed47fb5f830/jaxlib-0.4.28-cp311-cp311-win_amd64.whl", hash = "sha256:d4d762c3971d74e610a0e85a7ee063cea81a004b365b2a7dc65133f08b04fac5", size = 51457087, upload-time = "2024-05-09T23:24:14.508Z" },
]

[[package]]
name = "jaxtyping"
version = "0.3.9"
source = { registry = "https://pypi.org/simple" }
dependencies = [
    { name = "wadler-lindig" },
]
sdist = { url = "https://files.pythonhosted.org/packages/c2/be/00294e369938937e31b094437d5ea040e4fd1a20b998ebe572c4a1dcfa68/jaxtyping-0.3.9.tar.gz", hash = "sha256:f8c02d1b623d5f1b6665d4f3ddaec675d70004f16a792102c2fc51264190951d", size = 45857, upload-time = "2026-02-16T10:35:13.263Z" }
wheels = [
    { url = "https://files.pythonhosted.org/packages/94/05/3e39d416fb92b2738a76e8265e6bfc5d10542f90a7c32ad1eb831eea3fa3/jaxtyping-0.3.9-py3-none-any.whl", hash = "sha256:a00557a9d616eff157491f06ed2e21ed94886fad3832399273eb912b345da378", size = 56274, upload-time = "2026-02-16T10:35:11.795Z" },
]

[[package]]
name = "lineax"
version = "0.0.7"
source = { registry = "https://pypi.org/simple" }
dependencies = [
    { name = "equinox" },
    { name = "jax" },
    { name = "jaxtyping" },
    { name = "typing-extensions" },
]
sdist = { url = "https://files.pythonhosted.org/packages/db/3b/8a35825d11b2b52e8204c2d195decac43dcc4196e9fa7082275959582a73/lineax-0.0.7.tar.gz", hash = "sha256:e43549a8d202432d4668afe54866741a0214ccb363487bacb2a980f72840ea48", size = 44663, upload-time = "2024-10-21T10:54:53.495Z" }
wheels = [
    { url = "https://files.pythonhosted.org/packages/81/7e/3404d9c62795777c537de076f06828d80e24284efbcbeb6000f33220e401/lineax-0.0.7-py3-none-any.whl", hash = "sha256:c261977fd2104010ff34b7353deef22961da3ca46f341f158567dc2bbb8c2372", size = 67277, upload-time = "2024-10-21T10:54:51.904Z" },
]

[[package]]
name = "ml-dtypes"
version = "0.5.4"
source = { registry = "https://pypi.org/simple" }
dependencies = [
    { name = "numpy" },
]
sdist = { url = "https://files.pythonhosted.org/packages/0e/4a/c27b42ed9b1c7d13d9ba8b6905dece787d6259152f2309338aed29b2447b/ml_dtypes-0.5.4.tar.gz", hash = "sha256:8ab06a50fb9bf9666dd0fe5dfb4676fa2b0ac0f31ecff72a6c3af8e22c063453", size = 692314, upload-time = "2025-11-17T22:32:31.031Z" }
wheels = [
    { url = "https://files.pythonhosted.org/packages/c6/5e/712092cfe7e5eb667b8ad9ca7c54442f21ed7ca8979745f1000e24cf8737/ml_dtypes-0.5.4-cp311-cp311-macosx_10_9_universal2.whl", hash = "sha256:6c7ecb74c4bd71db68a6bea1edf8da8c34f3d9fe218f038814fd1d310ac76c90", size = 679734, upload-time = "2025-11-17T22:31:39.223Z" },
    { url = "https://files.pythonhosted.org/packages/4f/cf/912146dfd4b5c0eea956836c01dcd2fce6c9c844b2691f5152aca196ce4f/ml_dtypes-0.5.4-cp311-cp311-manylinux_2_27_aarch64.manylinux_2_28_aarch64.whl", hash = "sha256:bc11d7e8c44a65115d05e2ab9989d1e045125d7be8e05a071a48bc76eb6d6040", size = 5056165, upload-time = "2025-11-17T22:31:41.071Z" },
    { url = "https://files.pythonhosted.org/packages/a9/80/19189ea605017473660e43762dc853d2797984b3c7bf30ce656099add30c/ml_dtypes-0.5.4-cp311-cp311-manylinux_2_27_x86_64.manylinux_2_28_x86_64.whl", hash = "sha256:19b9a53598f21e453ea2fbda8aa783c20faff8e1eeb0d7ab899309a0053f1483", size = 5034975, upload-time = "2025-11-17T22:31:42.758Z" },
    { url = "https://files.pythonhosted.org/packages/b4/24/70bd59276883fdd91600ca20040b41efd4902a923283c4d6edcb1de128d2/ml_dtypes-0.5.4-cp311-cp311-win_amd64.whl", hash = "sha256:7c23c54a00ae43edf48d44066a7ec31e05fdc2eee0be2b8b50dd1903a1db94bb", size = 210742, upload-time = "2025-11-17T22:31:44.068Z" },
    { url = "https://files.pythonhosted.org/packages/a0/c9/64230ef14e40aa3f1cb254ef623bf812735e6bec7772848d19131111ac0d/ml_dtypes-0.5.4-cp311-cp311-win_arm64.whl", hash = "sha256:557a31a390b7e9439056644cb80ed0735a6e3e3bb09d67fd5687e4b04238d1de", size = 160709, upload-time = "2025-11-17T22:31:46.557Z" },
]

[[package]]
name = "numpy"
version = "2.4.6"
source = { registry = "https://pypi.org/simple" }
sdist = { url = "https://files.pythonhosted.org/packages/d0/ad/fed0499ce6a338d2a03ebae59cd15093910c8875328855781952abf6c2fe/numpy-2.4.6.tar.gz", hash = "sha256:f3a3570c4a2a16746ac2c31a7c7c7b0c186b95ce902e33db6f28094ed7387dda", size = 20735807, upload-time = "2026-05-18T23:37:14.07Z" }
wheels = [
    { url = "https://files.pythonhosted.org/packages/b3/49/ec46835a70be8fa6446c495126ac84fdb28cb2558e1620ffb87a10c8b64c/numpy-2.4.6-cp311-cp311-macosx_10_9_x86_64.whl", hash = "sha256:0280e0356c0829a18d9de1cb7eee50ec22ca639878d7240307ca0943d73cd2c4", size = 16969194, upload-time = "2026-05-18T23:33:13.503Z" },
    { url = "https://files.pythonhosted.org/packages/0e/0d/f5957185c0ee2f3e12f78715aa9e3b353fd83633316c8532b38faa37e3f6/numpy-2.4.6-cp311-cp311-macosx_11_0_arm64.whl", hash = "sha256:110f8b71aacb688ec69062bb7f6938a0f8acb01b7c1c4beb453c65b6d234584d", size = 14964111, upload-time = "2026-05-18T23:33:17.795Z" },
    { url = "https://files.pythonhosted.org/packages/ad/40/40a40ee0ddf7ceb782c49af278894b686e586d65d8c1889c8b5da01a3d7d/numpy-2.4.6-cp311-cp311-macosx_14_0_arm64.whl", hash = "sha256:4cfe66903cc32a9921a6733d96b19bb6abf310397581bbad89c228f5abaf0ee8", size = 5469159, upload-time = "2026-05-18T23:33:20.654Z" },
    { url = "https://files.pythonhosted.org/packages/63/13/f9a8046535cb21deae82f8d03de9617e08882d274fad2539630761888228/numpy-2.4.6-cp311-cp311-macosx_14_0_x86_64.whl", hash = "sha256:8155154c7c691289fe18f510b5d4657c68c67989f293f0535a91360392ff6538", size = 6798936, upload-time = "2026-05-18T23:33:22.987Z" },
    { url = "https://files.pythonhosted.org/packages/33/a8/6fa8c1a345a8c85dbb21932c447bee07c30a2c2a3f31e369c0a84b300147/numpy-2.4.6-cp311-cp311-manylinux_2_27_aarch64.manylinux_2_28_aarch64.whl", hash = "sha256:0ab0a9c4ffb1a6d95ef519fe4247dba8eb6b18ad93999f76b7f657039acabd47", size = 15966692, upload-time = "2026-05-18T23:33:26.62Z" },
    { url = "https://files.pythonhosted.org/packages/02/03/74fe2a4cb3817d94d86402f2506554130a2f01414e299b5a843e5a8a957f/numpy-2.4.6-cp311-cp311-manylinux_2_27_x86_64.manylinux_2_28_x86_64.whl", hash = "sha256:89cd468399cfd2504718f0ba50e410dca55a170b61a02ad92bb18c8a65186e93", size = 16918164, upload-time = "2026-05-18T23:33:29.955Z" },
    { url = "https://files.pythonhosted.org/packages/c5/80/3615be3313f7e7696609bc194b9f0101da809df79e859bdb84e0cd043f46/numpy-2.4.6-cp311-cp311-musllinux_1_2_aarch64.whl", hash = "sha256:c2d37ab77531417474168eb79d6d80b14f821a966818505d03013d0833edb7a8", size = 17322877, upload-time = "2026-05-18T23:33:34.724Z" },
    { url = "https://files.pythonhosted.org/packages/ca/ac/a691e0fe2675e370d0e08ff905adc49a1c8830e8cae03efe4477e92cd55d/numpy-2.4.6-cp311-cp311-musllinux_1_2_x86_64.whl", hash = "sha256:f407cb6b8e9d6d8c626bc73c945db1706035af8fd632295547bf1c9e46d092d6", size = 18651487, upload-time = "2026-05-18T23:33:38.217Z" },
    { url = "https://files.pythonhosted.org/packages/15/a7/9bc1cd626d7bf6869bfedf27b91b6ab5dd607758bf8e959d6fa80c6a59cb/numpy-2.4.6-cp311-cp311-win32.whl", hash = "sha256:ddea102b48f9e339f3948bf22040944184627a30fdf7f858667673b9c5f033c8", size = 6233945, upload-time = "2026-05-18T23:33:41.331Z" },
    { url = "https://files.pythonhosted.org/packages/c5/31/7fc6239c12bce7e931463251cca4426c465e1876ba3cc785402ef4dd8f4e/numpy-2.4.6-cp311-cp311-win_amd64.whl", hash = "sha256:1e254a00cdf42b1e4d5b3d68d33af63268d41340d8885df2ab6470f2e1500147", size = 12608406, upload-time = "2026-05-18T23:33:44.131Z" },
    { url = "https://files.pythonhosted.org/packages/27/83/140f85a466595a16382996a1bf06b2b54bcd597488921b0c9daaeeda72af/numpy-2.4.6-cp311-cp311-win_arm64.whl", hash = "sha256:ed9749eef4cbd126da3dc1d6bcb3a57f5eb7ac6a6484146bdbf743f552dfc577", size = 10479528, upload-time = "2026-05-18T23:33:50.725Z" },
    { url = "https://files.pythonhosted.org/packages/de/12/b422cc84439adc0d00de605bf4a308890ae5c26f2c71fbd73e5d08fbb0dd/numpy-2.4.6-pp311-pypy311_pp73-macosx_10_15_x86_64.whl", hash = "sha256:55cced7c52e981362f708ad635198e97a752dfba412cc03c23bbf3bd8d5cd662", size = 16847511, upload-time = "2026-05-18T23:36:50.673Z" },
    { url = "https://files.pythonhosted.org/packages/44/53/f481bef68011740f8849418d82db07230e825013f31f4eef5ba5b805316a/numpy-2.4.6-pp311-pypy311_pp73-macosx_11_0_arm64.whl", hash = "sha256:d6da64deb6b8ed903e7560180a92f2d804ee1ba5eeb849ac2748b8c1aba1f6d7", size = 14889064, upload-time = "2026-05-18T23:36:53.879Z" },
    { url = "https://files.pythonhosted.org/packages/7f/57/42ed575c10ced8af951d426bc4e1f8aff16fd851db33f067036215a7f860/numpy-2.4.6-pp311-pypy311_pp73-macosx_14_0_arm64.whl", hash = "sha256:68a5124b13fa6cc2086764a20005d30bc0548146f7f5322f02fce212ca14317f", size = 5394157, upload-time = "2026-05-18T23:36:57.194Z" },
    { url = "https://files.pythonhosted.org/packages/6a/ef/f66cc724fcc36c1e364c67f51ae9146090b8b584f27d58b97fdae3edd737/numpy-2.4.6-pp311-pypy311_pp73-macosx_14_0_x86_64.whl", hash = "sha256:948424b06129ce883307e8cff868c31396d8dc7630a59c61d70d98dbe70f222c", size = 6708728, upload-time = "2026-05-18T23:36:59.575Z" },
    { url = "https://files.pythonhosted.org/packages/1a/9c/c531f2293b91265d8b48e9b329f54fdd7ffae73cb4134ea10cca4237e9cc/numpy-2.4.6-pp311-pypy311_pp73-manylinux_2_27_aarch64.manylinux_2_28_aarch64.whl", hash = "sha256:5dbbdb29840ca3d91ee0fece42fc29278886d908280bfec0a5846c6f901a3eb0", size = 15798374, upload-time = "2026-05-18T23:37:02.674Z" },
    { url = "https://files.pythonhosted.org/packages/1a/b0/413077f6b1153ed3cba361401c6783bbad6114804a000cc22eb71c13e190/numpy-2.4.6-pp311-pypy311_pp73-manylinux_2_27_x86_64.manylinux_2_28_x86_64.whl", hash = "sha256:8ad03c0965fb3c692200e74d458ca28c1dbb4ce96f9a479a8aa041ad5fabca02", size = 16747286, upload-time = "2026-05-18T23:37:06.327Z" },
    { url = "https://files.pythonhosted.org/packages/15/ce/e5ec180bc41812edcd8daeb8639d205622c0e8c02259d8ab25a0201b3c2a/numpy-2.4.6-pp311-pypy311_pp73-win_amd64.whl", hash = "sha256:2803abfebfc990042cd494d8ce2d5f82e9d847af6d35ec486923aa19dbad5e73", size = 12504263, upload-time = "2026-05-18T23:37:09.715Z" },
]

[[package]]
name = "opt-einsum"
version = "3.4.0"
source = { registry = "https://pypi.org/simple" }
sdist = { url = "https://files.pythonhosted.org/packages/8c/b9/2ac072041e899a52f20cf9510850ff58295003aa75525e58343591b0cbfb/opt_einsum-3.4.0.tar.gz", hash = "sha256:96ca72f1b886d148241348783498194c577fa30a8faac108586b14f1ba4473ac", size = 63004, upload-time = "2024-09-26T14:33:24.483Z" }
wheels = [
    { url = "https://files.pythonhosted.org/packages/23/cd/066e86230ae37ed0be70aae89aabf03ca8d9f39c8aea0dec8029455b5540/opt_einsum-3.4.0-py3-none-any.whl", hash = "sha256:69bb92469f86a1565195ece4ac0323943e83477171b91d24c35afe028a90d7cd", size = 71932, upload-time = "2024-09-26T14:33:23.039Z" },
]

[[package]]
name = "optimistix"
version = "0.0.10"
source = { registry = "https://pypi.org/simple" }
dependencies = [
    { name = "equinox" },
    { name = "jax" },
    { name = "jaxtyping" },
    { name = "lineax" },
    { name = "typing-extensions" },
]
sdist = { url = "https://files.pythonhosted.org/packages/78/ec/0d51681732f15ccb8e2a546d7358a4d56132016b73b822a52b54e3a2450e/optimistix-0.0.10.tar.gz", hash = "sha256:80a481d66d64c9445eaf74158b71d65a9087b7e038f0c4bc7714ef5ff6350050", size = 55112, upload-time = "2025-01-03T23:48:28.361Z" }
wheels = [
    { url = "https://files.pythonhosted.org/packages/94/9c/4672a90dfd2ce7d40428759c9aaed0164a9a90010349f607aa5e29132766/optimistix-0.0.10-py3-none-any.whl", hash = "sha256:f10eb93d24311aca21fb6d1e74f39a4a38f976d5accbd577ef1705218609bfdc", size = 84274, upload-time = "2025-01-03T23:48:26.117Z" },
]

[[package]]
name = "scipy"
version = "1.16.3"
source = { registry = "https://pypi.org/simple" }
dependencies = [
    { name = "numpy" },
]
sdist = { url = "https://files.pythonhosted.org/packages/0a/ca/d8ace4f98322d01abcd52d381134344bf7b431eba7ed8b42bdea5a3c2ac9/scipy-1.16.3.tar.gz", hash = "sha256:01e87659402762f43bd2fee13370553a17ada367d42e7487800bf2916535aecb", size = 30597883, upload-time = "2025-10-28T17:38:54.068Z" }
wheels = [
    { url = "https://files.pythonhosted.org/packages/9b/5f/6f37d7439de1455ce9c5a556b8d1db0979f03a796c030bafdf08d35b7bf9/scipy-1.16.3-cp311-cp311-macosx_10_14_x86_64.whl", hash = "sha256:40be6cf99e68b6c4321e9f8782e7d5ff8265af28ef2cd56e9c9b2638fa08ad97", size = 36630881, upload-time = "2025-10-28T17:31:47.104Z" },
    { url = "https://files.pythonhosted.org/packages/7c/89/d70e9f628749b7e4db2aa4cd89735502ff3f08f7b9b27d2e799485987cd9/scipy-1.16.3-cp311-cp311-macosx_12_0_arm64.whl", hash = "sha256:8be1ca9170fcb6223cc7c27f4305d680ded114a1567c0bd2bfcbf947d1b17511", size = 28941012, upload-time = "2025-10-28T17:31:53.411Z" },
    { url = "https://files.pythonhosted.org/packages/a8/a8/0e7a9a6872a923505dbdf6bb93451edcac120363131c19013044a1e7cb0c/scipy-1.16.3-cp311-cp311-macosx_14_0_arm64.whl", hash = "sha256:bea0a62734d20d67608660f69dcda23e7f90fb4ca20974ab80b6ed40df87a005", size = 20931935, upload-time = "2025-10-28T17:31:57.361Z" },
    { url = "https://files.pythonhosted.org/packages/bd/c7/020fb72bd79ad798e4dbe53938543ecb96b3a9ac3fe274b7189e23e27353/scipy-1.16.3-cp311-cp311-macosx_14_0_x86_64.whl", hash = "sha256:2a207a6ce9c24f1951241f4693ede2d393f59c07abc159b2cb2be980820e01fb", size = 23534466, upload-time = "2025-10-28T17:32:01.875Z" },
    { url = "https://files.pythonhosted.org/packages/be/a0/668c4609ce6dbf2f948e167836ccaf897f95fb63fa231c87da7558a374cd/scipy-1.16.3-cp311-cp311-manylinux2014_aarch64.manylinux_2_17_aarch64.whl", hash = "sha256:532fb5ad6a87e9e9cd9c959b106b73145a03f04c7d57ea3e6f6bb60b86ab0876", size = 33593618, upload-time = "2025-10-28T17:32:06.902Z" },
    { url = "https://files.pythonhosted.org/packages/ca/6e/8942461cf2636cdae083e3eb72622a7fbbfa5cf559c7d13ab250a5dbdc01/scipy-1.16.3-cp311-cp311-manylinux2014_x86_64.manylinux_2_17_x86_64.whl", hash = "sha256:0151a0749efeaaab78711c78422d413c583b8cdd2011a3c1d6c794938ee9fdb2", size = 35899798, upload-time = "2025-10-28T17:32:12.665Z" },
    { url = "https://files.pythonhosted.org/packages/79/e8/d0f33590364cdbd67f28ce79368b373889faa4ee959588beddf6daef9abe/scipy-1.16.3-cp311-cp311-musllinux_1_2_aarch64.whl", hash = "sha256:b7180967113560cca57418a7bc719e30366b47959dd845a93206fbed693c867e", size = 36226154, upload-time = "2025-10-28T17:32:17.961Z" },
    { url = "https://files.pythonhosted.org/packages/39/c1/1903de608c0c924a1749c590064e65810f8046e437aba6be365abc4f7557/scipy-1.16.3-cp311-cp311-musllinux_1_2_x86_64.whl", hash = "sha256:deb3841c925eeddb6afc1e4e4a45e418d19ec7b87c5df177695224078e8ec733", size = 38878540, upload-time = "2025-10-28T17:32:23.907Z" },
    { url = "https://files.pythonhosted.org/packages/f1/d0/22ec7036ba0b0a35bccb7f25ab407382ed34af0b111475eb301c16f8a2e5/scipy-1.16.3-cp311-cp311-win_amd64.whl", hash = "sha256:53c3844d527213631e886621df5695d35e4f6a75f620dca412bcd292f6b87d78", size = 38722107, upload-time = "2025-10-28T17:32:29.921Z" },
    { url = "https://files.pythonhosted.org/packages/7b/60/8a00e5a524bb3bf8898db1650d350f50e6cffb9d7a491c561dc9826c7515/scipy-1.16.3-cp311-cp311-win_arm64.whl", hash = "sha256:9452781bd879b14b6f055b26643703551320aa8d79ae064a71df55c00286a184", size = 25506272, upload-time = "2025-10-28T17:32:34.577Z" },
]

[[package]]
name = "typeguard"
version = "2.13.3"
source = { registry = "https://pypi.org/simple" }
sdist = { url = "https://files.pythonhosted.org/packages/3a/38/c61bfcf62a7b572b5e9363a802ff92559cb427ee963048e1442e3aef7490/typeguard-2.13.3.tar.gz", hash = "sha256:00edaa8da3a133674796cf5ea87d9f4b4c367d77476e185e80251cc13dfbb8c4", size = 40604, upload-time = "2021-12-10T21:09:39.158Z" }
wheels = [
    { url = "https://files.pythonhosted.org/packages/9a/bb/d43e5c75054e53efce310e79d63df0ac3f25e34c926be5dffb7d283fb2a8/typeguard-2.13.3-py3-none-any.whl", hash = "sha256:5e3e3be01e887e7eafae5af63d1f36c849aaa94e3a0112097312aabfa16284f1", size = 17605, upload-time = "2021-12-10T21:09:37.844Z" },
]

[[package]]
name = "typing-extensions"
version = "4.16.0"
source = { registry = "https://pypi.org/simple" }
sdist = { url = "https://files.pythonhosted.org/packages/f6/cc/6253133b5bb138fc3306cebfbda2c520f545d36b5be2c7255cc528bb45d6/typing_extensions-4.16.0.tar.gz", hash = "sha256:dc983d19a509c94dba722ee6abd33940f7c05a89e243c47e907eb4db6f1a43e5", size = 113555, upload-time = "2026-07-02T08:40:05.92Z" }
wheels = [
    { url = "https://files.pythonhosted.org/packages/49/d3/b8441a820a491ddfc024b0b0cf0393375b75ea13866d9c66727e54c2fc80/typing_extensions-4.16.0-py3-none-any.whl", hash = "sha256:481caa481374e813c1b176ada14e97f1f67a4539ce9cfeb3f350d78d6370c2e8", size = 45571, upload-time = "2026-07-02T08:40:04.659Z" },
]

[[package]]
name = "uncertainty-linx-v0-1-2"
version = "0.2.1"
source = { virtual = "." }
dependencies = [
    { name = "diffrax" },
    { name = "equinox" },
    { name = "jax" },
    { name = "jaxlib" },
    { name = "jaxtyping" },
    { name = "lineax" },
    { name = "numpy" },
    { name = "optimistix" },
    { name = "scipy" },
]

[package.metadata]
requires-dist = [
    { name = "diffrax", specifier = "==0.6.0" },
    { name = "equinox", specifier = "==0.11.10" },
    { name = "jax", specifier = "==0.4.28" },
    { name = "jaxlib", specifier = "==0.4.28" },
    { name = "jaxtyping", specifier = "==0.3.9" },
    { name = "lineax", specifier = "==0.0.7" },
    { name = "numpy", specifier = "==2.4.6" },
    { name = "optimistix", specifier = "==0.0.10" },
    { name = "scipy", specifier = "==1.16.3" },
]

[[package]]
name = "wadler-lindig"
version = "0.1.7"
source = { registry = "https://pypi.org/simple" }
sdist = { url = "https://files.pythonhosted.org/packages/1e/67/cbae4bf7683a64755c2c1778c418fea96d00e34395bb91743f08bd951571/wadler_lindig-0.1.7.tar.gz", hash = "sha256:81d14d3fe77d441acf3ebd7f4aefac20c74128bf460e84b512806dccf7b2cd55", size = 15842, upload-time = "2025-06-18T07:00:42.843Z" }
wheels = [
    { url = "https://files.pythonhosted.org/packages/8d/96/04e7b441807b26b794da5b11e59ed7f83b2cf8af202bd7eba8ad2fa6046e/wadler_lindig-0.1.7-py3-none-any.whl", hash = "sha256:e3ec83835570fd0a9509f969162aeb9c65618f998b1f42918cfc8d45122fe953", size = 20516, upload-time = "2025-06-18T07:00:41.684Z" },
]
