version = 1
revision = 3
requires-python = "==3.11.15"

[[package]]
name = "diffrax"
version = "0.7.2"
source = { registry = "https://pypi.org/simple" }
dependencies = [
    { name = "equinox" },
    { name = "jax" },
    { name = "jaxtyping" },
    { name = "lineax" },
    { name = "optimistix" },
    { name = "typing-extensions" },
    { name = "wadler-lindig" },
]
sdist = { url = "https://files.pythonhosted.org/packages/5a/ea/a22853377a840d70d1d174d43183f12990c66eecf34ba7e76eec781249d0/diffrax-0.7.2.tar.gz", hash = "sha256:9adc70fe90dba83f7dd839845839b2531a3dd736a3944fe1aa26598507cfb48e", size = 155159, upload-time = "2026-02-18T01:14:04.964Z" }
wheels = [
    { url = "https://files.pythonhosted.org/packages/6c/48/c42f657f3d6b4d9d9674c9bc48e763d024511ea4cc1d6e0c68c7b4380c43/diffrax-0.7.2-py3-none-any.whl", hash = "sha256:1beee2f991cd049962fe3c89da28f933753aa66d80bef857533276c9f23301ed", size = 199673, upload-time = "2026-02-18T01:14:03.38Z" },
]

[[package]]
name = "equinox"
version = "0.13.2"
source = { registry = "https://pypi.org/simple" }
dependencies = [
    { name = "jax" },
    { name = "jaxtyping" },
    { name = "typing-extensions" },
    { name = "wadler-lindig" },
]
sdist = { url = "https://files.pythonhosted.org/packages/ae/17/96a3b61a80c63c75974bd84318cee2818a23d60628e77fb6ed00eb623a69/equinox-0.13.2.tar.gz", hash = "sha256:509ad744ff99b7c684d45230d6890f9e78eac1a556d7a06db1eff664a3cac74f", size = 139386, upload-time = "2025-10-09T10:15:39.595Z" }
wheels = [
    { url = "https://files.pythonhosted.org/packages/c6/ce/c3bc53bdda6edb050859939a8e91e206123f96f50906e7ba7c027c6c535f/equinox-0.13.2-py3-none-any.whl", hash = "sha256:bc1ee687e4841945d8b776664403839639a05e2f2c02c1da353ff3386e0e43b0", size = 179235, upload-time = "2025-10-09T10:15:37.991Z" },
]

[[package]]
name = "gvar"
version = "13.1.9"
source = { registry = "https://pypi.org/simple" }
dependencies = [
    { name = "numpy" },
    { name = "scipy" },
]
sdist = { url = "https://files.pythonhosted.org/packages/36/7a/12f20866968b38647c1edf8d40fcb0d9c55c260d1ac39a980f408d20732b/gvar-13.1.9.tar.gz", hash = "sha256:f7bb9bb3ae9eb614198db0dcbe3a604c1dde5dc92a1eb15349fe91e6a6a15036", size = 1291777, upload-time = "2026-01-26T20:01:00.711Z" }
wheels = [
    { url = "https://files.pythonhosted.org/packages/d8/e7/3407e09cbcfc012cdf02bc68b8b786d6da40947e54421c3d6f1931ff8102/gvar-13.1.9-cp311-cp311-macosx_10_9_x86_64.whl", hash = "sha256:7960b8a6e91d7327eb9ee1d9e7f4b02e868125b0d9bafdb5f741f5949c90ea04", size = 1240959, upload-time = "2026-01-26T19:57:48.5Z" },
    { url = "https://files.pythonhosted.org/packages/30/1d/597135798814d516e8cae5a507f2c5d09ca434cd1d0a10f107044c18f0fc/gvar-13.1.9-cp311-cp311-macosx_11_0_arm64.whl", hash = "sha256:ce13bc3bd09f6f7fc1a09b5e1ac680ec56bbcc13b7dd83eb6891ea971b200c7b", size = 1168323, upload-time = "2026-01-26T19:57:50.457Z" },
    { url = "https://files.pythonhosted.org/packages/79/50/4fb989131b754f20a91750867c142cefda4b3a584bfb53883af8af0721b4/gvar-13.1.9-cp311-cp311-manylinux2014_aarch64.manylinux_2_17_aarch64.manylinux_2_28_aarch64.whl", hash = "sha256:17c435da8556f4598c780f2c8edb460c3dfd06c8ab3513f3d4a46a8a81f6e3dc", size = 7737745, upload-time = "2026-01-26T19:57:57.295Z" },
    { url = "https://files.pythonhosted.org/packages/52/c5/81a34593a14352eabb74c870b04e22b9c8de1a5c928e6a39ce43df9d1c1c/gvar-13.1.9-cp311-cp311-manylinux2014_x86_64.manylinux_2_17_x86_64.manylinux_2_28_x86_64.whl", hash = "sha256:0e49cff295d5c51fd10495db4efe1c3c0a31a171bdb1e6252746336640e8c34e", size = 7955663, upload-time = "2026-01-26T19:58:04.364Z" },
    { url = "https://files.pythonhosted.org/packages/82/c2/922fad859b4f748a0ee2ceb751e2f43a637ff59c3de814e1853e6648383d/gvar-13.1.9-cp311-cp311-musllinux_1_2_aarch64.whl", hash = "sha256:2ffb02ed3becf312d53f8e0610d96445c92e78a52c561a9516c5c58279f2fb6e", size = 7639092, upload-time = "2026-01-26T19:58:11.622Z" },
    { url = "https://files.pythonhosted.org/packages/1b/47/34c0d2000b7d2a45f3c66e8bdc2796976f0309dca308bbc3d9b10aae0604/gvar-13.1.9-cp311-cp311-musllinux_1_2_x86_64.whl", hash = "sha256:11542a204868852421b9661f6c167cd685b82f4ae83601de56d4541af5243155", size = 7990910, upload-time = "2026-01-26T19:58:19.056Z" },
    { url = "https://files.pythonhosted.org/packages/cf/7c/879a9ce278b29e71f31c26ca3374247ad6e491c4950a335381b5c6494e8a/gvar-13.1.9-cp311-cp311-win32.whl", hash = "sha256:1a6b35b7c93e91db5bb885b28460080c54af0bf4650333b188547802e5a22157", size = 921025, upload-time = "2026-01-26T19:58:25.262Z" },
    { url = "https://files.pythonhosted.org/packages/2d/bf/68c3161ef9348d408edd41b74eaea2a36cef4df9f9f289d74d16d84c99a0/gvar-13.1.9-cp311-cp311-win_amd64.whl", hash = "sha256:915dcfb947e7a6c6c951c4f42f1dae410aba29dc81eb644774cb52bbbead5da8", size = 1072670, upload-time = "2026-01-26T19:58:21.229Z" },
    { url = "https://files.pythonhosted.org/packages/3e/29/0d34eb1faadfb2e77c1f54e360760f0c3727c1217a093519d07eb97bcadd/gvar-13.1.9-cp311-cp311-win_arm64.whl", hash = "sha256:eb18a3a668cdd2e669c48744dce28c3846004e1d56fc01b83f2995cbd9cff47e", size = 908904, upload-time = "2026-01-26T19:58:22.894Z" },
]

[[package]]
name = "interpax"
version = "0.3.10"
source = { registry = "https://pypi.org/simple" }
dependencies = [
    { name = "equinox" },
    { name = "jax" },
    { name = "jaxtyping" },
    { name = "lineax" },
    { name = "numpy" },
]
sdist = { url = "https://files.pythonhosted.org/packages/b9/93/9d3d4484d9245949479b325f585953621f3b89192a1afb81577dfebad9ea/interpax-0.3.10.tar.gz", hash = "sha256:6bed2812b555ee2bc2917ca833d1a04c9f8870c868c6800bd6b941e0fb2f738e", size = 57795, upload-time = "2025-07-31T00:27:01.798Z" }
wheels = [
    { url = "https://files.pythonhosted.org/packages/93/9d/ead7ecfc1589966cb5f509073d3cc49de9cb0f5320fa50132104a4214b02/interpax-0.3.10-py3-none-any.whl", hash = "sha256:9b3c43cf2ea93d46c5a1c8c98a133b29cc8c3cca7e8a80688c1b1c11f05da307", size = 27571, upload-time = "2025-07-31T00:27:00.484Z" },
]

[[package]]
name = "jax"
version = "0.7.2"
source = { registry = "https://pypi.org/simple" }
dependencies = [
    { name = "jaxlib" },
    { name = "ml-dtypes" },
    { name = "numpy" },
    { name = "opt-einsum" },
    { name = "scipy" },
]
sdist = { url = "https://files.pythonhosted.org/packages/8f/e7/1e8e8af59b7659c83dc07dfa1dc23bc13551e5ef89bdef19ced044a497fc/jax-0.7.2.tar.gz", hash = "sha256:71a42b964bc6d52e819311429e6c0f5742e2a4650226dab1a1dd26fd986ca70d", size = 2434085, upload-time = "2025-09-16T16:48:53.108Z" }
wheels = [
    { url = "https://files.pythonhosted.org/packages/d5/e6/5fd0f6fff79eb47469ff9c4fa27125b661517a2fbf8884689b02e9fdfaa8/jax-0.7.2-py3-none-any.whl", hash = "sha256:e7e32f9be51ae5cc6854225958c57de8cca2187d279844338465b15e8a1fe7f2", size = 2835570, upload-time = "2025-09-16T16:48:51.33Z" },
]

[[package]]
name = "jaxlib"
version = "0.7.2"
source = { registry = "https://pypi.org/simple" }
dependencies = [
    { name = "ml-dtypes" },
    { name = "numpy" },
    { name = "scipy" },
]
wheels = [
    { url = "https://files.pythonhosted.org/packages/55/fe/41e1df8a02acdc12472b2922e41495cf0a9b805f5fd1f163c9aaf81b30df/jaxlib-0.7.2-cp311-cp311-macosx_11_0_arm64.whl", hash = "sha256:9fbf90afce30e34eba2ea929a506f5907bdd4062358122de499ce9e671a0ba1f", size = 53550443, upload-time = "2025-09-16T16:49:04.061Z" },
    { url = "https://files.pythonhosted.org/packages/cb/9b/c86d5c3cf354326b6d0c89f7a1562299e0cdcf3f507c82a6aca8ce77dcb6/jaxlib-0.7.2-cp311-cp311-manylinux_2_27_aarch64.whl", hash = "sha256:8ca7003351fbe8ccfa2fa5a493ec2dfbf2df92441306cf5c3b970508eedb92ab", size = 71551113, upload-time = "2025-09-16T16:49:07.95Z" },
    { url = "https://files.pythonhosted.org/packages/80/dd/4a0565f636c0e702777bdb0afeeb262a019039869268194cbd0440ad47da/jaxlib-0.7.2-cp311-cp311-manylinux_2_27_x86_64.whl", hash = "sha256:4382006235cced59d2f795acc983c1bedcfbca4fea8f9461311d61c6a793ae66", size = 78159922, upload-time = "2025-09-16T16:49:11.656Z" },
    { url = "https://files.pythonhosted.org/packages/28/03/199d9ce30981c6c8d2ae3a442d2fc3eeb1f31fa6aab9620ff1d3d3fdfd7f/jaxlib-0.7.2-cp311-cp311-win_amd64.whl", hash = "sha256:3b37eb937e0b8ed4f9b265fdf46a3cf64e1decd4f41c0053e96540d39bd7050c", size = 58013064, upload-time = "2025-09-16T16:49:15.063Z" },
]

[[package]]
name = "jaxtyping"
version = "0.3.11"
source = { registry = "https://pypi.org/simple" }
dependencies = [
    { name = "wadler-lindig" },
]
sdist = { url = "https://files.pythonhosted.org/packages/91/c1/091b8852bd7cbf50bd655543c8506033cf4029300c67f8c176c1286879a9/jaxtyping-0.3.11.tar.gz", hash = "sha256:b09c14acf6686feb9e0df5b0d8c6e7c5b6f8d36bf059ee54cd522a186c2ef050", size = 46489, upload-time = "2026-06-13T18:35:23.167Z" }
wheels = [
    { url = "https://files.pythonhosted.org/packages/8b/38/c66bbdc5047f4776c2bd3e47e5295a350e3fa44d5b8942105e71c2a876a0/jaxtyping-0.3.11-py3-none-any.whl", hash = "sha256:8a4bedc4e3f963fa82df41bd13c7ebc2bad925601eb48614c65798f21329d4e3", size = 56593, upload-time = "2026-06-13T18:35:22.01Z" },
]

[[package]]
name = "lineax"
version = "0.0.8"
source = { registry = "https://pypi.org/simple" }
dependencies = [
    { name = "equinox" },
    { name = "jax" },
    { name = "jaxtyping" },
    { name = "typing-extensions" },
]
sdist = { url = "https://files.pythonhosted.org/packages/6f/75/6ad88863640c6213887c8928aef406713ecfa3c61808c563b9a3f2bf0673/lineax-0.0.8.tar.gz", hash = "sha256:bb2778066b8882acc88ff569d8e415bc5aa387f751b14ae262c9f9607d7f25bb", size = 45304, upload-time = "2025-03-27T17:38:54.421Z" }
wheels = [
    { url = "https://files.pythonhosted.org/packages/1b/a9/2d8d6002eb124e79f7c9ee2311b62f35289fc7e75ee0bbfbe5a4c7295bb9/lineax-0.0.8-py3-none-any.whl", hash = "sha256:1bd21d6c41afda233769d1c1096329ee75181825c9136be65c92b41f6daa1ddb", size = 68045, upload-time = "2025-03-27T17:38:53.394Z" },
]

[[package]]
name = "llvmlite"
version = "0.45.1"
source = { registry = "https://pypi.org/simple" }
sdist = { url = "https://files.pythonhosted.org/packages/99/8d/5baf1cef7f9c084fb35a8afbde88074f0d6a727bc63ef764fe0e7543ba40/llvmlite-0.45.1.tar.gz", hash = "sha256:09430bb9d0bb58fc45a45a57c7eae912850bedc095cd0810a57de109c69e1c32", size = 185600, upload-time = "2025-10-01T17:59:52.046Z" }
wheels = [
    { url = "https://files.pythonhosted.org/packages/04/ad/9bdc87b2eb34642c1cfe6bcb4f5db64c21f91f26b010f263e7467e7536a3/llvmlite-0.45.1-cp311-cp311-macosx_10_15_x86_64.whl", hash = "sha256:60f92868d5d3af30b4239b50e1717cb4e4e54f6ac1c361a27903b318d0f07f42", size = 43043526, upload-time = "2025-10-01T18:03:15.051Z" },
    { url = "https://files.pythonhosted.org/packages/a5/ea/c25c6382f452a943b4082da5e8c1665ce29a62884e2ec80608533e8e82d5/llvmlite-0.45.1-cp311-cp311-macosx_11_0_arm64.whl", hash = "sha256:98baab513e19beb210f1ef39066288784839a44cd504e24fff5d17f1b3cf0860", size = 37253118, upload-time = "2025-10-01T18:04:06.783Z" },
    { url = "https://files.pythonhosted.org/packages/fe/af/85fc237de98b181dbbe8647324331238d6c52a3554327ccdc83ced28efba/llvmlite-0.45.1-cp311-cp311-manylinux2014_x86_64.manylinux_2_17_x86_64.whl", hash = "sha256:3adc2355694d6a6fbcc024d59bb756677e7de506037c878022d7b877e7613a36", size = 56288209, upload-time = "2025-10-01T18:01:00.168Z" },
    { url = "https://files.pythonhosted.org/packages/0a/df/3daf95302ff49beff4230065e3178cd40e71294968e8d55baf4a9e560814/llvmlite-0.45.1-cp311-cp311-manylinux_2_27_aarch64.manylinux_2_28_aarch64.whl", hash = "sha256:2f3377a6db40f563058c9515dedcc8a3e562d8693a106a28f2ddccf2c8fcf6ca", size = 55140958, upload-time = "2025-10-01T18:02:11.199Z" },
    { url = "https://files.pythonhosted.org/packages/a4/56/4c0d503fe03bac820ecdeb14590cf9a248e120f483bcd5c009f2534f23f0/llvmlite-0.45.1-cp311-cp311-win_amd64.whl", hash = "sha256:f9c272682d91e0d57f2a76c6d9ebdfccc603a01828cdbe3d15273bdca0c3363a", size = 38132232, upload-time = "2025-10-01T18:04:52.181Z" },
]

[[package]]
name = "ml-dtypes"
version = "0.5.4"
source = { registry = "https://pypi.org/simple" }
dependencies = [
    { name = "numpy" },
]
sdist = { url = "https://files.pythonhosted.org/packages/0e/4a/c27b42ed9b1c7d13d9ba8b6905dece787d6259152f2309338aed29b2447b/ml_dtypes-0.5.4.tar.gz", hash = "sha256:8ab06a50fb9bf9666dd0fe5dfb4676fa2b0ac0f31ecff72a6c3af8e22c063453", size = 692314, upload-time = "2025-11-17T22:32:31.031Z" }
wheels = [
    { url = "https://files.pythonhosted.org/packages/c6/5e/712092cfe7e5eb667b8ad9ca7c54442f21ed7ca8979745f1000e24cf8737/ml_dtypes-0.5.4-cp311-cp311-macosx_10_9_universal2.whl", hash = "sha256:6c7ecb74c4bd71db68a6bea1edf8da8c34f3d9fe218f038814fd1d310ac76c90", size = 679734, upload-time = "2025-11-17T22:31:39.223Z" },
    { url = "https://files.pythonhosted.org/packages/4f/cf/912146dfd4b5c0eea956836c01dcd2fce6c9c844b2691f5152aca196ce4f/ml_dtypes-0.5.4-cp311-cp311-manylinux_2_27_aarch64.manylinux_2_28_aarch64.whl", hash = "sha256:bc11d7e8c44a65115d05e2ab9989d1e045125d7be8e05a071a48bc76eb6d6040", size = 5056165, upload-time = "2025-11-17T22:31:41.071Z" },
    { url = "https://files.pythonhosted.org/packages/a9/80/19189ea605017473660e43762dc853d2797984b3c7bf30ce656099add30c/ml_dtypes-0.5.4-cp311-cp311-manylinux_2_27_x86_64.manylinux_2_28_x86_64.whl", hash = "sha256:19b9a53598f21e453ea2fbda8aa783c20faff8e1eeb0d7ab899309a0053f1483", size = 5034975, upload-time = "2025-11-17T22:31:42.758Z" },
    { url = "https://files.pythonhosted.org/packages/b4/24/70bd59276883fdd91600ca20040b41efd4902a923283c4d6edcb1de128d2/ml_dtypes-0.5.4-cp311-cp311-win_amd64.whl", hash = "sha256:7c23c54a00ae43edf48d44066a7ec31e05fdc2eee0be2b8b50dd1903a1db94bb", size = 210742, upload-time = "2025-11-17T22:31:44.068Z" },
    { url = "https://files.pythonhosted.org/packages/a0/c9/64230ef14e40aa3f1cb254ef623bf812735e6bec7772848d19131111ac0d/ml_dtypes-0.5.4-cp311-cp311-win_arm64.whl", hash = "sha256:557a31a390b7e9439056644cb80ed0735a6e3e3bb09d67fd5687e4b04238d1de", size = 160709, upload-time = "2025-11-17T22:31:46.557Z" },
]

[[package]]
name = "numba"
version = "0.62.1"
source = { registry = "https://pypi.org/simple" }
dependencies = [
    { name = "llvmlite" },
    { name = "numpy" },
]
sdist = { url = "https://files.pythonhosted.org/packages/a3/20/33dbdbfe60e5fd8e3dbfde299d106279a33d9f8308346022316781368591/numba-0.62.1.tar.gz", hash = "sha256:7b774242aa890e34c21200a1fc62e5b5757d5286267e71103257f4e2af0d5161", size = 2749817, upload-time = "2025-09-29T10:46:31.551Z" }
wheels = [
    { url = "https://files.pythonhosted.org/packages/dd/5f/8b3491dd849474f55e33c16ef55678ace1455c490555337899c35826836c/numba-0.62.1-cp311-cp311-macosx_10_15_x86_64.whl", hash = "sha256:f43e24b057714e480fe44bc6031de499e7cf8150c63eb461192caa6cc8530bc8", size = 2684279, upload-time = "2025-09-29T10:43:37.213Z" },
    { url = "https://files.pythonhosted.org/packages/bf/18/71969149bfeb65a629e652b752b80167fe8a6a6f6e084f1f2060801f7f31/numba-0.62.1-cp311-cp311-macosx_11_0_arm64.whl", hash = "sha256:57cbddc53b9ee02830b828a8428757f5c218831ccc96490a314ef569d8342b7b", size = 2687330, upload-time = "2025-09-29T10:43:59.601Z" },
    { url = "https://files.pythonhosted.org/packages/0e/7d/403be3fecae33088027bc8a95dc80a2fda1e3beff3e0e5fc4374ada3afbe/numba-0.62.1-cp311-cp311-manylinux2014_x86_64.manylinux_2_17_x86_64.whl", hash = "sha256:604059730c637c7885386521bb1b0ddcbc91fd56131a6dcc54163d6f1804c872", size = 3739727, upload-time = "2025-09-29T10:42:45.922Z" },
    { url = "https://files.pythonhosted.org/packages/e0/c3/3d910d08b659a6d4c62ab3cd8cd93c4d8b7709f55afa0d79a87413027ff6/numba-0.62.1-cp311-cp311-manylinux_2_27_aarch64.manylinux_2_28_aarch64.whl", hash = "sha256:d6c540880170bee817011757dc9049dba5a29db0c09b4d2349295991fe3ee55f", size = 3445490, upload-time = "2025-09-29T10:43:12.692Z" },
    { url = "https://files.pythonhosted.org/packages/5b/82/9d425c2f20d9f0a37f7cb955945a553a00fa06a2b025856c3550227c5543/numba-0.62.1-cp311-cp311-win_amd64.whl", hash = "sha256:03de6d691d6b6e2b76660ba0f38f37b81ece8b2cc524a62f2a0cfae2bfb6f9da", size = 2745550, upload-time = "2025-09-29T10:44:20.571Z" },
]

[[package]]
name = "numdifftools"
version = "0.9.42"
source = { registry = "https://pypi.org/simple" }
dependencies = [
    { name = "numpy" },
    { name = "scipy" },
]
sdist = { url = "https://files.pythonhosted.org/packages/17/94/7c83677dddc78f93230f4c8a6a5faa06c92699a76eb019386a3aed8a9762/numdifftools-0.9.42.tar.gz", hash = "sha256:866675171f293c4bf2f1e1c5bf9b88a07d5396903e3b3e7fcc3879e2a01cfbc1", size = 79612, upload-time = "2025-12-11T12:06:10.54Z" }
wheels = [
    { url = "https://files.pythonhosted.org/packages/60/60/c7504633e9fe53dc823db5d83dc15651c595cf35d668781832b4d2748272/numdifftools-0.9.42-py3-none-any.whl", hash = "sha256:22f926b8de24aa44f740bc26744a74555c1c80413068b1dee2edb3c3d10566f6", size = 94252, upload-time = "2025-12-11T12:06:09.322Z" },
]

[[package]]
name = "numpy"
version = "2.3.5"
source = { registry = "https://pypi.org/simple" }
sdist = { url = "https://files.pythonhosted.org/packages/76/65/21b3bc86aac7b8f2862db1e808f1ea22b028e30a225a34a5ede9bf8678f2/numpy-2.3.5.tar.gz", hash = "sha256:784db1dcdab56bf0517743e746dfb0f885fc68d948aba86eeec2cba234bdf1c0", size = 20584950, upload-time = "2025-11-16T22:52:42.067Z" }
wheels = [
    { url = "https://files.pythonhosted.org/packages/43/77/84dd1d2e34d7e2792a236ba180b5e8fcc1e3e414e761ce0253f63d7f572e/numpy-2.3.5-cp311-cp311-macosx_10_9_x86_64.whl", hash = "sha256:de5672f4a7b200c15a4127042170a694d4df43c992948f5e1af57f0174beed10", size = 17034641, upload-time = "2025-11-16T22:49:19.336Z" },
    { url = "https://files.pythonhosted.org/packages/2a/ea/25e26fa5837106cde46ae7d0b667e20f69cbbc0efd64cba8221411ab26ae/numpy-2.3.5-cp311-cp311-macosx_11_0_arm64.whl", hash = "sha256:acfd89508504a19ed06ef963ad544ec6664518c863436306153e13e94605c218", size = 12528324, upload-time = "2025-11-16T22:49:22.582Z" },
    { url = "https://files.pythonhosted.org/packages/4d/1a/e85f0eea4cf03d6a0228f5c0256b53f2df4bc794706e7df019fc622e47f1/numpy-2.3.5-cp311-cp311-macosx_14_0_arm64.whl", hash = "sha256:ffe22d2b05504f786c867c8395de703937f934272eb67586817b46188b4ded6d", size = 5356872, upload-time = "2025-11-16T22:49:25.408Z" },
    { url = "https://files.pythonhosted.org/packages/5c/bb/35ef04afd567f4c989c2060cde39211e4ac5357155c1833bcd1166055c61/numpy-2.3.5-cp311-cp311-macosx_14_0_x86_64.whl", hash = "sha256:872a5cf366aec6bb1147336480fef14c9164b154aeb6542327de4970282cd2f5", size = 6893148, upload-time = "2025-11-16T22:49:27.549Z" },
    { url = "https://files.pythonhosted.org/packages/f2/2b/05bbeb06e2dff5eab512dfc678b1cc5ee94d8ac5956a0885c64b6b26252b/numpy-2.3.5-cp311-cp311-manylinux_2_27_aarch64.manylinux_2_28_aarch64.whl", hash = "sha256:3095bdb8dd297e5920b010e96134ed91d852d81d490e787beca7e35ae1d89cf7", size = 14557282, upload-time = "2025-11-16T22:49:30.964Z" },
    { url = "https://files.pythonhosted.org/packages/65/fb/2b23769462b34398d9326081fad5655198fcf18966fcb1f1e49db44fbf31/numpy-2.3.5-cp311-cp311-manylinux_2_27_x86_64.manylinux_2_28_x86_64.whl", hash = "sha256:8cba086a43d54ca804ce711b2a940b16e452807acebe7852ff327f1ecd49b0d4", size = 16897903, upload-time = "2025-11-16T22:49:34.191Z" },
    { url = "https://files.pythonhosted.org/packages/ac/14/085f4cf05fc3f1e8aa95e85404e984ffca9b2275a5dc2b1aae18a67538b8/numpy-2.3.5-cp311-cp311-musllinux_1_2_aarch64.whl", hash = "sha256:6cf9b429b21df6b99f4dee7a1218b8b7ffbbe7df8764dc0bd60ce8a0708fed1e", size = 16341672, upload-time = "2025-11-16T22:49:37.2Z" },
    { url = "https://files.pythonhosted.org/packages/6f/3b/1f73994904142b2aa290449b3bb99772477b5fd94d787093e4f24f5af763/numpy-2.3.5-cp311-cp311-musllinux_1_2_x86_64.whl", hash = "sha256:396084a36abdb603546b119d96528c2f6263921c50df3c8fd7cb28873a237748", size = 18838896, upload-time = "2025-11-16T22:49:39.727Z" },
    { url = "https://files.pythonhosted.org/packages/cd/b9/cf6649b2124f288309ffc353070792caf42ad69047dcc60da85ee85fea58/numpy-2.3.5-cp311-cp311-win32.whl", hash = "sha256:b0c7088a73aef3d687c4deef8452a3ac7c1be4e29ed8bf3b366c8111128ac60c", size = 6563608, upload-time = "2025-11-16T22:49:42.079Z" },
    { url = "https://files.pythonhosted.org/packages/aa/44/9fe81ae1dcc29c531843852e2874080dc441338574ccc4306b39e2ff6e59/numpy-2.3.5-cp311-cp311-win_amd64.whl", hash = "sha256:a414504bef8945eae5f2d7cb7be2d4af77c5d1cb5e20b296c2c25b61dff2900c", size = 13078442, upload-time = "2025-11-16T22:49:43.99Z" },
    { url = "https://files.pythonhosted.org/packages/6d/a7/f99a41553d2da82a20a2f22e93c94f928e4490bb447c9ff3c4ff230581d3/numpy-2.3.5-cp311-cp311-win_arm64.whl", hash = "sha256:0cd00b7b36e35398fa2d16af7b907b65304ef8bb4817a550e06e5012929830fa", size = 10458555, upload-time = "2025-11-16T22:49:47.092Z" },
    { url = "https://files.pythonhosted.org/packages/c6/65/f9dea8e109371ade9c782b4e4756a82edf9d3366bca495d84d79859a0b79/numpy-2.3.5-pp311-pypy311_pp73-macosx_10_15_x86_64.whl", hash = "sha256:f0963b55cdd70fad460fa4c1341f12f976bb26cb66021a5580329bd498988310", size = 16910689, upload-time = "2025-11-16T22:52:23.247Z" },
    { url = "https://files.pythonhosted.org/packages/00/4f/edb00032a8fb92ec0a679d3830368355da91a69cab6f3e9c21b64d0bb986/numpy-2.3.5-pp311-pypy311_pp73-macosx_11_0_arm64.whl", hash = "sha256:f4255143f5160d0de972d28c8f9665d882b5f61309d8362fdd3e103cf7bf010c", size = 12457053, upload-time = "2025-11-16T22:52:26.367Z" },
    { url = "https://files.pythonhosted.org/packages/16/a4/e8a53b5abd500a63836a29ebe145fc1ab1f2eefe1cfe59276020373ae0aa/numpy-2.3.5-pp311-pypy311_pp73-macosx_14_0_arm64.whl", hash = "sha256:a4b9159734b326535f4dd01d947f919c6eefd2d9827466a696c44ced82dfbc18", size = 5285635, upload-time = "2025-11-16T22:52:29.266Z" },
    { url = "https://files.pythonhosted.org/packages/a3/2f/37eeb9014d9c8b3e9c55bc599c68263ca44fdbc12a93e45a21d1d56df737/numpy-2.3.5-pp311-pypy311_pp73-macosx_14_0_x86_64.whl", hash = "sha256:2feae0d2c91d46e59fcd62784a3a83b3fb677fead592ce51b5a6fbb4f95965ff", size = 6801770, upload-time = "2025-11-16T22:52:31.421Z" },
    { url = "https://files.pythonhosted.org/packages/7d/e4/68d2f474df2cb671b2b6c2986a02e520671295647dad82484cde80ca427b/numpy-2.3.5-pp311-pypy311_pp73-manylinux_2_27_aarch64.manylinux_2_28_aarch64.whl", hash = "sha256:ffac52f28a7849ad7576293c0cb7b9f08304e8f7d738a8cb8a90ec4c55a998eb", size = 14391768, upload-time = "2025-11-16T22:52:33.593Z" },
    { url = "https://files.pythonhosted.org/packages/b8/50/94ccd8a2b141cb50651fddd4f6a48874acb3c91c8f0842b08a6afc4b0b21/numpy-2.3.5-pp311-pypy311_pp73-manylinux_2_27_x86_64.manylinux_2_28_x86_64.whl", hash = "sha256:63c0e9e7eea69588479ebf4a8a270d5ac22763cc5854e9a7eae952a3908103f7", size = 16729263, upload-time = "2025-11-16T22:52:36.369Z" },
    { url = "https://files.pythonhosted.org/packages/2d/ee/346fa473e666fe14c52fcdd19ec2424157290a032d4c41f98127bfb31ac7/numpy-2.3.5-pp311-pypy311_pp73-win_amd64.whl", hash = "sha256:f16417ec91f12f814b10bafe79ef77e70113a2f5f7018640e7425ff979253425", size = 12967213, upload-time = "2025-11-16T22:52:39.38Z" },
]

[[package]]
name = "opt-einsum"
version = "3.4.0"
source = { registry = "https://pypi.org/simple" }
sdist = { url = "https://files.pythonhosted.org/packages/8c/b9/2ac072041e899a52f20cf9510850ff58295003aa75525e58343591b0cbfb/opt_einsum-3.4.0.tar.gz", hash = "sha256:96ca72f1b886d148241348783498194c577fa30a8faac108586b14f1ba4473ac", size = 63004, upload-time = "2024-09-26T14:33:24.483Z" }
wheels = [
    { url = "https://files.pythonhosted.org/packages/23/cd/066e86230ae37ed0be70aae89aabf03ca8d9f39c8aea0dec8029455b5540/opt_einsum-3.4.0-py3-none-any.whl", hash = "sha256:69bb92469f86a1565195ece4ac0323943e83477171b91d24c35afe028a90d7cd", size = 71932, upload-time = "2024-09-26T14:33:23.039Z" },
]

[[package]]
name = "optimistix"
version = "0.1.0"
source = { registry = "https://pypi.org/simple" }
dependencies = [
    { name = "equinox" },
    { name = "jax" },
    { name = "jaxtyping" },
    { name = "lineax" },
    { name = "typing-extensions" },
]
sdist = { url = "https://files.pythonhosted.org/packages/5c/0b/3bdc0e698cb0d264e5dca0b5bb171342a950a43fa6e046d8c57189298422/optimistix-0.1.0.tar.gz", hash = "sha256:f05c9104748e87e1dc10a0b4a2be94e427f98c3eab0b1d41ea24a593d76be03d", size = 70164, upload-time = "2026-02-16T13:35:43.991Z" }
wheels = [
    { url = "https://files.pythonhosted.org/packages/63/53/6a81a6ebb1739f19c32002139719d4ee021a349d5bdbe066910feed327a1/optimistix-0.1.0-py3-none-any.whl", hash = "sha256:c8edda7bf7fe48839c93fcd72bce750c950ed9f7033158303150b7ab395add81", size = 101740, upload-time = "2026-02-16T13:35:42.971Z" },
]

[[package]]
name = "primat"
version = "0.3.2"
source = { registry = "https://pypi.org/simple" }
dependencies = [
    { name = "numpy" },
    { name = "scipy" },
]
sdist = { url = "https://files.pythonhosted.org/packages/06/f0/1c14d7411695eaa5b217d0fdf9a13b6bac6f9dea38f4e3f833fa9f40d263/primat-0.3.2.tar.gz", hash = "sha256:71e8518d94ca15ad9133ce77fac590483b1e26250a84cf9a0b87a9409bb14311", size = 6447156, upload-time = "2026-07-14T16:06:14.547Z" }
wheels = [
    { url = "https://files.pythonhosted.org/packages/d8/64/45fcd4731795bdfde6aa99238a565f247d1b48d967680027bc92e2ecd6b0/primat-0.3.2-cp311-cp311-macosx_10_9_x86_64.whl", hash = "sha256:97a0687eadc8373939d7e43c8a31cd5932dc369df0e63a4ce4dd4ec4f444fe55", size = 6416300, upload-time = "2026-07-14T16:05:44.73Z" },
    { url = "https://files.pythonhosted.org/packages/dc/57/b6d970d90af42e81a91d3b00a041868949aaad3846127113947bcf45f992/primat-0.3.2-cp311-cp311-macosx_11_0_arm64.whl", hash = "sha256:542dbff99d90a8bfe82619b25315f85f082c1e2669db289b4a3c44ffb57a6c12", size = 6397820, upload-time = "2026-07-14T16:05:46.658Z" },
    { url = "https://files.pythonhosted.org/packages/cf/46/41da3f74ffc741bb009d07c454d7bb00f26ab666cf20a9b987b06279e5e0/primat-0.3.2-cp311-cp311-manylinux_2_17_aarch64.manylinux2014_aarch64.manylinux_2_28_aarch64.whl", hash = "sha256:5a13647aa004f5126f00b834a6e996e786db8092efbc996c31f93c45f2a8cd1b", size = 6407721, upload-time = "2026-07-14T16:05:48.717Z" },
    { url = "https://files.pythonhosted.org/packages/eb/29/9050cf5499b374b05ede6c7c6a7f5aff38cf723c734988a6cd6dd4218b2d/primat-0.3.2-cp311-cp311-manylinux_2_17_x86_64.manylinux2014_x86_64.manylinux_2_28_x86_64.whl", hash = "sha256:284879de58207e581c9a37f11c5b85df65d8362136831ad7d67b081239ea2710", size = 6414116, upload-time = "2026-07-14T16:05:50.686Z" },
    { url = "https://files.pythonhosted.org/packages/b0/ac/e280885abc9c53376a723b77ccce2e5789018048fa2389ea8e35e1b1e8e1/primat-0.3.2-cp311-cp311-win_amd64.whl", hash = "sha256:1549bed0691398b35cf9b8d77db3dd743fb63b5bf03abb3aaebd2bd4d5fd3675", size = 6349499, upload-time = "2026-07-14T16:05:52.392Z" },
]

[[package]]
name = "pyyaml"
version = "6.0.3"
source = { registry = "https://pypi.org/simple" }
sdist = { url = "https://files.pythonhosted.org/packages/05/8e/961c0007c59b8dd7729d542c61a4d537767a59645b82a0b521206e1e25c2/pyyaml-6.0.3.tar.gz", hash = "sha256:d76623373421df22fb4cf8817020cbb7ef15c725b9d5e45f17e189bfc384190f", size = 130960, upload-time = "2025-09-25T21:33:16.546Z" }
wheels = [
    { url = "https://files.pythonhosted.org/packages/6d/16/a95b6757765b7b031c9374925bb718d55e0a9ba8a1b6a12d25962ea44347/pyyaml-6.0.3-cp311-cp311-macosx_10_13_x86_64.whl", hash = "sha256:44edc647873928551a01e7a563d7452ccdebee747728c1080d881d68af7b997e", size = 185826, upload-time = "2025-09-25T21:31:58.655Z" },
    { url = "https://files.pythonhosted.org/packages/16/19/13de8e4377ed53079ee996e1ab0a9c33ec2faf808a4647b7b4c0d46dd239/pyyaml-6.0.3-cp311-cp311-macosx_11_0_arm64.whl", hash = "sha256:652cb6edd41e718550aad172851962662ff2681490a8a711af6a4d288dd96824", size = 175577, upload-time = "2025-09-25T21:32:00.088Z" },
    { url = "https://files.pythonhosted.org/packages/0c/62/d2eb46264d4b157dae1275b573017abec435397aa59cbcdab6fc978a8af4/pyyaml-6.0.3-cp311-cp311-manylinux2014_aarch64.manylinux_2_17_aarch64.manylinux_2_28_aarch64.whl", hash = "sha256:10892704fc220243f5305762e276552a0395f7beb4dbf9b14ec8fd43b57f126c", size = 775556, upload-time = "2025-09-25T21:32:01.31Z" },
    { url = "https://files.pythonhosted.org/packages/10/cb/16c3f2cf3266edd25aaa00d6c4350381c8b012ed6f5276675b9eba8d9ff4/pyyaml-6.0.3-cp311-cp311-manylinux2014_s390x.manylinux_2_17_s390x.manylinux_2_28_s390x.whl", hash = "sha256:850774a7879607d3a6f50d36d04f00ee69e7fc816450e5f7e58d7f17f1ae5c00", size = 882114, upload-time = "2025-09-25T21:32:03.376Z" },
    { url = "https://files.pythonhosted.org/packages/71/60/917329f640924b18ff085ab889a11c763e0b573da888e8404ff486657602/pyyaml-6.0.3-cp311-cp311-manylinux2014_x86_64.manylinux_2_17_x86_64.manylinux_2_28_x86_64.whl", hash = "sha256:b8bb0864c5a28024fac8a632c443c87c5aa6f215c0b126c449ae1a150412f31d", size = 806638, upload-time = "2025-09-25T21:32:04.553Z" },
    { url = "https://files.pythonhosted.org/packages/dd/6f/529b0f316a9fd167281a6c3826b5583e6192dba792dd55e3203d3f8e655a/pyyaml-6.0.3-cp311-cp311-musllinux_1_2_aarch64.whl", hash = "sha256:1d37d57ad971609cf3c53ba6a7e365e40660e3be0e5175fa9f2365a379d6095a", size = 767463, upload-time = "2025-09-25T21:32:06.152Z" },
    { url = "https://files.pythonhosted.org/packages/f2/6a/b627b4e0c1dd03718543519ffb2f1deea4a1e6d42fbab8021936a4d22589/pyyaml-6.0.3-cp311-cp311-musllinux_1_2_x86_64.whl", hash = "sha256:37503bfbfc9d2c40b344d06b2199cf0e96e97957ab1c1b546fd4f87e53e5d3e4", size = 794986, upload-time = "2025-09-25T21:32:07.367Z" },
    { url = "https://files.pythonhosted.org/packages/45/91/47a6e1c42d9ee337c4839208f30d9f09caa9f720ec7582917b264defc875/pyyaml-6.0.3-cp311-cp311-win32.whl", hash = "sha256:8098f252adfa6c80ab48096053f512f2321f0b998f98150cea9bd23d83e1467b", size = 142543, upload-time = "2025-09-25T21:32:08.95Z" },
    { url = "https://files.pythonhosted.org/packages/da/e3/ea007450a105ae919a72393cb06f122f288ef60bba2dc64b26e2646fa315/pyyaml-6.0.3-cp311-cp311-win_amd64.whl", hash = "sha256:9f3bfb4965eb874431221a3ff3fdcddc7e74e3b07799e0e84ca4a0f867d449bf", size = 158763, upload-time = "2025-09-25T21:32:09.96Z" },
]

[[package]]
name = "scipy"
version = "1.16.3"
source = { registry = "https://pypi.org/simple" }
dependencies = [
    { name = "numpy" },
]
sdist = { url = "https://files.pythonhosted.org/packages/0a/ca/d8ace4f98322d01abcd52d381134344bf7b431eba7ed8b42bdea5a3c2ac9/scipy-1.16.3.tar.gz", hash = "sha256:01e87659402762f43bd2fee13370553a17ada367d42e7487800bf2916535aecb", size = 30597883, upload-time = "2025-10-28T17:38:54.068Z" }
wheels = [
    { url = "https://files.pythonhosted.org/packages/9b/5f/6f37d7439de1455ce9c5a556b8d1db0979f03a796c030bafdf08d35b7bf9/scipy-1.16.3-cp311-cp311-macosx_10_14_x86_64.whl", hash = "sha256:40be6cf99e68b6c4321e9f8782e7d5ff8265af28ef2cd56e9c9b2638fa08ad97", size = 36630881, upload-time = "2025-10-28T17:31:47.104Z" },
    { url = "https://files.pythonhosted.org/packages/7c/89/d70e9f628749b7e4db2aa4cd89735502ff3f08f7b9b27d2e799485987cd9/scipy-1.16.3-cp311-cp311-macosx_12_0_arm64.whl", hash = "sha256:8be1ca9170fcb6223cc7c27f4305d680ded114a1567c0bd2bfcbf947d1b17511", size = 28941012, upload-time = "2025-10-28T17:31:53.411Z" },
    { url = "https://files.pythonhosted.org/packages/a8/a8/0e7a9a6872a923505dbdf6bb93451edcac120363131c19013044a1e7cb0c/scipy-1.16.3-cp311-cp311-macosx_14_0_arm64.whl", hash = "sha256:bea0a62734d20d67608660f69dcda23e7f90fb4ca20974ab80b6ed40df87a005", size = 20931935, upload-time = "2025-10-28T17:31:57.361Z" },
    { url = "https://files.pythonhosted.org/packages/bd/c7/020fb72bd79ad798e4dbe53938543ecb96b3a9ac3fe274b7189e23e27353/scipy-1.16.3-cp311-cp311-macosx_14_0_x86_64.whl", hash = "sha256:2a207a6ce9c24f1951241f4693ede2d393f59c07abc159b2cb2be980820e01fb", size = 23534466, upload-time = "2025-10-28T17:32:01.875Z" },
    { url = "https://files.pythonhosted.org/packages/be/a0/668c4609ce6dbf2f948e167836ccaf897f95fb63fa231c87da7558a374cd/scipy-1.16.3-cp311-cp311-manylinux2014_aarch64.manylinux_2_17_aarch64.whl", hash = "sha256:532fb5ad6a87e9e9cd9c959b106b73145a03f04c7d57ea3e6f6bb60b86ab0876", size = 33593618, upload-time = "2025-10-28T17:32:06.902Z" },
    { url = "https://files.pythonhosted.org/packages/ca/6e/8942461cf2636cdae083e3eb72622a7fbbfa5cf559c7d13ab250a5dbdc01/scipy-1.16.3-cp311-cp311-manylinux2014_x86_64.manylinux_2_17_x86_64.whl", hash = "sha256:0151a0749efeaaab78711c78422d413c583b8cdd2011a3c1d6c794938ee9fdb2", size = 35899798, upload-time = "2025-10-28T17:32:12.665Z" },
    { url = "https://files.pythonhosted.org/packages/79/e8/d0f33590364cdbd67f28ce79368b373889faa4ee959588beddf6daef9abe/scipy-1.16.3-cp311-cp311-musllinux_1_2_aarch64.whl", hash = "sha256:b7180967113560cca57418a7bc719e30366b47959dd845a93206fbed693c867e", size = 36226154, upload-time = "2025-10-28T17:32:17.961Z" },
    { url = "https://files.pythonhosted.org/packages/39/c1/1903de608c0c924a1749c590064e65810f8046e437aba6be365abc4f7557/scipy-1.16.3-cp311-cp311-musllinux_1_2_x86_64.whl", hash = "sha256:deb3841c925eeddb6afc1e4e4a45e418d19ec7b87c5df177695224078e8ec733", size = 38878540, upload-time = "2025-10-28T17:32:23.907Z" },
    { url = "https://files.pythonhosted.org/packages/f1/d0/22ec7036ba0b0a35bccb7f25ab407382ed34af0b111475eb301c16f8a2e5/scipy-1.16.3-cp311-cp311-win_amd64.whl", hash = "sha256:53c3844d527213631e886621df5695d35e4f6a75f620dca412bcd292f6b87d78", size = 38722107, upload-time = "2025-10-28T17:32:29.921Z" },
    { url = "https://files.pythonhosted.org/packages/7b/60/8a00e5a524bb3bf8898db1650d350f50e6cffb9d7a491c561dc9826c7515/scipy-1.16.3-cp311-cp311-win_arm64.whl", hash = "sha256:9452781bd879b14b6f055b26643703551320aa8d79ae064a71df55c00286a184", size = 25506272, upload-time = "2025-10-28T17:32:34.577Z" },
]

[[package]]
name = "typing-extensions"
version = "4.16.0"
source = { registry = "https://pypi.org/simple" }
sdist = { url = "https://files.pythonhosted.org/packages/f6/cc/6253133b5bb138fc3306cebfbda2c520f545d36b5be2c7255cc528bb45d6/typing_extensions-4.16.0.tar.gz", hash = "sha256:dc983d19a509c94dba722ee6abd33940f7c05a89e243c47e907eb4db6f1a43e5", size = 113555, upload-time = "2026-07-02T08:40:05.92Z" }
wheels = [
    { url = "https://files.pythonhosted.org/packages/49/d3/b8441a820a491ddfc024b0b0cf0393375b75ea13866d9c66727e54c2fc80/typing_extensions-4.16.0-py3-none-any.whl", hash = "sha256:481caa481374e813c1b176ada14e97f1f67a4539ce9cfeb3f350d78d6370c2e8", size = 45571, upload-time = "2026-07-02T08:40:04.659Z" },
]

[[package]]
name = "uncertainty-solver-cpu"
version = "0.2.1"
source = { virtual = "." }
dependencies = [
    { name = "diffrax" },
    { name = "equinox" },
    { name = "interpax" },
    { name = "jax" },
    { name = "numba" },
    { name = "numdifftools" },
    { name = "numpy" },
    { name = "primat" },
    { name = "pyyaml" },
    { name = "scipy" },
    { name = "vegas" },
]

[package.metadata]
requires-dist = [
    { name = "diffrax", specifier = "==0.7.2" },
    { name = "equinox", specifier = "==0.13.2" },
    { name = "interpax", specifier = "==0.3.10" },
    { name = "jax", extras = ["cpu"], specifier = "==0.7.2" },
    { name = "numba", specifier = "==0.62.1" },
    { name = "numdifftools", specifier = "==0.9.42" },
    { name = "numpy", specifier = "==2.3.5" },
    { name = "primat", specifier = "==0.3.2" },
    { name = "pyyaml", specifier = "==6.0.3" },
    { name = "scipy", specifier = "==1.16.3" },
    { name = "vegas", specifier = "==6.4.1" },
]

[[package]]
name = "vegas"
version = "6.4.1"
source = { registry = "https://pypi.org/simple" }
dependencies = [
    { name = "gvar" },
    { name = "numpy" },
    { name = "scipy" },
]
sdist = { url = "https://files.pythonhosted.org/packages/e9/ed/37f2fc70dabe9874e18f54fcfd2e08c5630a682945864caad5697766acfc/vegas-6.4.1.tar.gz", hash = "sha256:40e76473d2de379c13a357e78263a58a32bd6c1794b3eb391775c1dba7a0f134", size = 2531574, upload-time = "2026-01-27T22:23:39.433Z" }
wheels = [
    { url = "https://files.pythonhosted.org/packages/a6/c5/62fda1ff5ef132ce72ffb81388c1a21924cd88ce1d18581d86801c6be1c5/vegas-6.4.1-cp311-cp311-macosx_10_9_x86_64.whl", hash = "sha256:16fec9ad2ccc967a9185fd0cdf9d09c6f389b77e69876d48e2a4edb0fa584122", size = 1161985, upload-time = "2026-01-27T22:20:19.403Z" },
    { url = "https://files.pythonhosted.org/packages/c4/e6/7a7dea996c69ff5aeddf8460ba1259089d1ff99b3e429924ce2e1cc4a9d9/vegas-6.4.1-cp311-cp311-macosx_11_0_arm64.whl", hash = "sha256:fed7a3c93287d5155614f31ed584605107bed1b12968023b5b727a3af181da5f", size = 1124357, upload-time = "2026-01-27T22:20:22.555Z" },
    { url = "https://files.pythonhosted.org/packages/aa/98/9f6539a712be847b16c11d0fbeb945ef2f7b5c5142f23a6f1f5f7260a55a/vegas-6.4.1-cp311-cp311-manylinux2014_aarch64.manylinux_2_17_aarch64.manylinux_2_28_aarch64.whl", hash = "sha256:5be2a687cdaa746c3c8d9628fc0387e04cd7e78411c85e45d8b419b57b279be6", size = 4144173, upload-time = "2026-01-27T22:20:29.308Z" },
    { url = "https://files.pythonhosted.org/packages/47/77/5603ceae5400b70770a48fcf38a1df3d3f0e3d5c631a7c8f25df08a993dc/vegas-6.4.1-cp311-cp311-manylinux2014_x86_64.manylinux_2_17_x86_64.manylinux_2_28_x86_64.whl", hash = "sha256:16ee79cdfcc9e7b9557e6e9636aaa49288401d4e4dde4f9fb208a837178768e8", size = 4205846, upload-time = "2026-01-27T22:20:34.849Z" },
    { url = "https://files.pythonhosted.org/packages/ac/62/3523e5695e67b26be1afba3db95ec54ec3da166afefb9dd41577503de0e1/vegas-6.4.1-cp311-cp311-musllinux_1_2_aarch64.whl", hash = "sha256:6c422724ad681f1a350cff3f1cf18c30dcc2203947d27a683b77abfbd3bbf950", size = 4070796, upload-time = "2026-01-27T22:20:44.026Z" },
    { url = "https://files.pythonhosted.org/packages/aa/c3/140ba5b6e2c18a6eca36440d6be0a3a6d6ee11c74ff1ba317d4484edf58e/vegas-6.4.1-cp311-cp311-musllinux_1_2_x86_64.whl", hash = "sha256:c046bc3613cd95ba1df6830798c3438ad25b3bc969eb55a2cbe15bd5dcc93fdc", size = 4202604, upload-time = "2026-01-27T22:20:50.545Z" },
    { url = "https://files.pythonhosted.org/packages/f1/55/eb247b47b4659489c6435bd792858cd22f925af8c9505278d443cb933de7/vegas-6.4.1-cp311-cp311-win32.whl", hash = "sha256:e956939385caa77842ae360a71a4991e532cf19207fa651d41e3664d08ab2fd2", size = 998070, upload-time = "2026-01-27T22:20:59.483Z" },
    { url = "https://files.pythonhosted.org/packages/dc/45/0304be35e6a605151ac495010f20c90f709ca33f8b18ece721bdb31af45b/vegas-6.4.1-cp311-cp311-win_amd64.whl", hash = "sha256:96c069e092689991e355a5ce460275b47b2277a9c914605eb6dcf5affcf737c9", size = 1089263, upload-time = "2026-01-27T22:20:52.943Z" },
    { url = "https://files.pythonhosted.org/packages/ce/a2/855bc1b07042c5f8c2b485d25e27c4da084182c082a0ebdc3008133f3ab4/vegas-6.4.1-cp311-cp311-win_arm64.whl", hash = "sha256:cd8d12a79bb5fede83ff78cabab58da7385b728f0a6ae1cfe92a66e9c90a9b1b", size = 1000097, upload-time = "2026-01-27T22:20:57.301Z" },
]

[[package]]
name = "wadler-lindig"
version = "0.1.7"
source = { registry = "https://pypi.org/simple" }
sdist = { url = "https://files.pythonhosted.org/packages/1e/67/cbae4bf7683a64755c2c1778c418fea96d00e34395bb91743f08bd951571/wadler_lindig-0.1.7.tar.gz", hash = "sha256:81d14d3fe77d441acf3ebd7f4aefac20c74128bf460e84b512806dccf7b2cd55", size = 15842, upload-time = "2025-06-18T07:00:42.843Z" }
wheels = [
    { url = "https://files.pythonhosted.org/packages/8d/96/04e7b441807b26b794da5b11e59ed7f83b2cf8af202bd7eba8ad2fa6046e/wadler_lindig-0.1.7-py3-none-any.whl", hash = "sha256:e3ec83835570fd0a9509f969162aeb9c65618f998b1f42918cfc8d45122fe953", size = 20516, upload-time = "2025-06-18T07:00:41.684Z" },
]
